
Microsoft Visual Studio Solution File, Format Version 12.00
# Visual Studio 15
VisualStudioVersion = 15.0.26906.1
MinimumVisualStudioVersion = 10.0.40219.1
Project("{FAE04EC0-301F-11D3-BF4B-00C04F79EFBC}") = "Kata20170925_BackWardsPrime", "Kata20170925_BackWardsPrime\Kata20170925_BackWardsPrime.csproj", "{606E2175-F91E-4993-8657-90DA67CDC80A}"
EndProject
Global
	GlobalSection(SolutionConfigurationPlatforms) = preSolution
		Debug|Any CPU = Debug|Any CPU
		Release|Any CPU = Release|Any CPU
	EndGlobalSection
	GlobalSection(ProjectConfigurationPlatforms) = postSolution
		{606E2175-F91E-4993-8657-90DA67CDC80A}.Debug|Any CPU.ActiveCfg = Debug|Any CPU
		{606E2175-F91E-4993-8657-90DA67CDC80A}.Debug|Any CPU.Build.0 = Debug|Any CPU
		{606E2175-F91E-4993-8657-90DA67CDC80A}.Release|Any CPU.ActiveCfg = Release|Any CPU
		{606E2175-F91E-4993-8657-90DA67CDC80A}.Release|Any CPU.Build.0 = Release|Any CPU
	EndGlobalSection
	GlobalSection(SolutionProperties) = preSolution
		HideSolutionNode = FALSE
	EndGlobalSection
	GlobalSection(ExtensibilityGlobals) = postSolution
		SolutionGuid = {5B3209DC-7E40-4A1B-B861-3E9BA904AC1E}
	EndGlobalSection
EndGlobal
